
Microsoft Visual Studio Solution File, Format Version 12.00
# Visual Studio Version 17
VisualStudioVersion = 17.9.34723.18
MinimumVisualStudioVersion = 10.0.40219.1
Project("{FAE04EC0-301F-11D3-BF4B-00C04F79EFBC}") = "GenericHelper(Password Validation)", "GenericHelper(Password Validation).csproj", "{DEC86533-66B5-48FC-A322-481CFECAC04F}"
EndProject
Global
	GlobalSection(SolutionConfigurationPlatforms) = preSolution
		Debug|Any CPU = Debug|Any CPU
		Release|Any CPU = Release|Any CPU
	EndGlobalSection
	GlobalSection(ProjectConfigurationPlatforms) = postSolution
		{DEC86533-66B5-48FC-A322-481CFECAC04F}.Debug|Any CPU.ActiveCfg = Debug|Any CPU
		{DEC86533-66B5-48FC-A322-481CFECAC04F}.Debug|Any CPU.Build.0 = Debug|Any CPU
		{DEC86533-66B5-48FC-A322-481CFECAC04F}.Release|Any CPU.ActiveCfg = Release|Any CPU
		{DEC86533-66B5-48FC-A322-481CFECAC04F}.Release|Any CPU.Build.0 = Release|Any CPU
	EndGlobalSection
	GlobalSection(SolutionProperties) = preSolution
		HideSolutionNode = FALSE
	EndGlobalSection
	GlobalSection(ExtensibilityGlobals) = postSolution
		SolutionGuid = {9BD007D0-A08C-4620-B2FC-09FF45EA93E0}
	EndGlobalSection
EndGlobal
